
Microsoft Visual Studio Solution File, Format Version 12.00
# Visual Studio Version 17
VisualStudioVersion = 17.0.31903.59
MinimumVisualStudioVersion = 10.0.40219.1
Project("{FAE04EC0-301F-11D3-BF4B-00C04F79EFBC}") = "SampleApp", "SampleApp\SampleApp.csproj", "{AF742983-54A4-4AAF-B5CB-A3E73EDB6C4B}"
EndProject
Project("{FAE04EC0-301F-11D3-BF4B-00C04F79EFBC}") = "MAUIBootstrap", "MAUIBootstrap\MAUIBootstrap.csproj", "{FCEA55BB-4AF9-4731-8419-B44EC13E1375}"
EndProject
Global
	GlobalSection(SolutionConfigurationPlatforms) = preSolution
		Debug|Any CPU = Debug|Any CPU
		Release|Any CPU = Release|Any CPU
	EndGlobalSection
	GlobalSection(SolutionProperties) = preSolution
		HideSolutionNode = FALSE
	EndGlobalSection
	GlobalSection(ProjectConfigurationPlatforms) = postSolution
		{AF742983-54A4-4AAF-B5CB-A3E73EDB6C4B}.Debug|Any CPU.ActiveCfg = Debug|Any CPU
		{AF742983-54A4-4AAF-B5CB-A3E73EDB6C4B}.Debug|Any CPU.Build.0 = Debug|Any CPU
		{AF742983-54A4-4AAF-B5CB-A3E73EDB6C4B}.Release|Any CPU.ActiveCfg = Release|Any CPU
		{AF742983-54A4-4AAF-B5CB-A3E73EDB6C4B}.Release|Any CPU.Build.0 = Release|Any CPU
		{FCEA55BB-4AF9-4731-8419-B44EC13E1375}.Debug|Any CPU.ActiveCfg = Debug|Any CPU
		{FCEA55BB-4AF9-4731-8419-B44EC13E1375}.Debug|Any CPU.Build.0 = Debug|Any CPU
		{FCEA55BB-4AF9-4731-8419-B44EC13E1375}.Release|Any CPU.ActiveCfg = Release|Any CPU
		{FCEA55BB-4AF9-4731-8419-B44EC13E1375}.Release|Any CPU.Build.0 = Release|Any CPU
	EndGlobalSection
EndGlobal
